// !$*UTF8*$!
{
	archiveVersion = 1;
	classes = {
	};
	objectVersion = 51;
	objects = {

/* Begin PBXBuildFile section */
		25799AB1E3FC22471533F1E9 /* Pods_Parstagram_ParstagramUITests.framework in Frameworks */ = {isa = PBXBuildFile; fileRef = 3E5B184FE6A0612FBD582B4C /* Pods_Parstagram_ParstagramUITests.framework */; };
		3940B0912418335A0005F112 /* AppDelegate.swift in Sources */ = {isa = PBXBuildFile; fileRef = 3940B0902418335A0005F112 /* AppDelegate.swift */; };
		3940B0932418335A0005F112 /* SceneDelegate.swift in Sources */ = {isa = PBXBuildFile; fileRef = 3940B0922418335A0005F112 /* SceneDelegate.swift */; };
		3940B0982418335A0005F112 /* Main.storyboard in Resources */ = {isa = PBXBuildFile; fileRef = 3940B0962418335A0005F112 /* Main.storyboard */; };
		3940B09A241833610005F112 /* Assets.xcassets in Resources */ = {isa = PBXBuildFile; fileRef = 3940B099241833610005F112 /* Assets.xcassets */; };
		3940B09D241833610005F112 /* LaunchScreen.storyboard in Resources */ = {isa = PBXBuildFile; fileRef = 3940B09B241833610005F112 /* LaunchScreen.storyboard */; };
		3940B0A8241833610005F112 /* ParstagramTests.swift in Sources */ = {isa = PBXBuildFile; fileRef = 3940B0A7241833610005F112 /* ParstagramTests.swift */; };
		3940B0B3241833610005F112 /* ParstagramUITests.swift in Sources */ = {isa = PBXBuildFile; fileRef = 3940B0B2241833610005F112 /* ParstagramUITests.swift */; };
		3940B0C124188C580005F112 /* LoginViewController.swift in Sources */ = {isa = PBXBuildFile; fileRef = 3940B0C024188C570005F112 /* LoginViewController.swift */; };
		3940B0C324188C680005F112 /* FeedViewController.swift in Sources */ = {isa = PBXBuildFile; fileRef = 3940B0C224188C680005F112 /* FeedViewController.swift */; };
		3940B0C52419AC6D0005F112 /* CameraViewController.swift in Sources */ = {isa = PBXBuildFile; fileRef = 3940B0C42419AC6D0005F112 /* CameraViewController.swift */; };
		3940B0C72419B4390005F112 /* PostCell.swift in Sources */ = {isa = PBXBuildFile; fileRef = 3940B0C62419B4390005F112 /* PostCell.swift */; };
		39FD5B6824257CE90004894D /* CommentCell.swift in Sources */ = {isa = PBXBuildFile; fileRef = 39FD5B6724257CE90004894D /* CommentCell.swift */; };
		952993CD7DD82F6D7D7954FD /* Pods_Parstagram.framework in Frameworks */ = {isa = PBXBuildFile; fileRef = F2022EF62918DE21384048DD /* Pods_Parstagram.framework */; };
		AAD2108F12A3144C45600B33 /* Pods_ParstagramTests.framework in Frameworks */ = {isa = PBXBuildFile; fileRef = CBA103B81A3F994A26C4FF59 /* Pods_ParstagramTests.framework */; };
/* End PBXBuildFile section */

/* Begin PBXContainerItemProxy section */
		3940B0A4241833610005F112 /* PBXContainerItemProxy */ = {
			isa = PBXContainerItemProxy;
			containerPortal = 3940B0852418335A0005F112 /* Project object */;
			proxyType = 1;
			remoteGlobalIDString = 3940B08C2418335A0005F112;
			remoteInfo = Parstagram;
		};
		3940B0AF241833610005F112 /* PBXContainerItemProxy */ = {
			isa = PBXContainerItemProxy;
			containerPortal = 3940B0852418335A0005F112 /* Project object */;
			proxyType = 1;
			remoteGlobalIDString = 3940B08C2418335A0005F112;
			remoteInfo = Parstagram;
		};
/* End PBXContainerItemProxy section */

/* Begin PBXFileReference section */
		2CD9DBA48DF1E8C6360E0FD6 /* Pods-Parstagram-ParstagramUITests.release.xcconfig */ = {isa = PBXFileReference; includeInIndex = 1; lastKnownFileType = text.xcconfig; name = "Pods-Parstagram-ParstagramUITests.release.xcconfig"; path = "Target Support Files/Pods-Parstagram-ParstagramUITests/Pods-Parstagram-ParstagramUITests.release.xcconfig"; sourceTree = "<group>"; };
		3940B08D2418335A0005F112 /* Parstagram.app */ = {isa = PBXFileReference; explicitFileType = wrapper.application; includeInIndex = 0; path = Parstagram.app; sourceTree = BUILT_PRODUCTS_DIR; };
		3940B0902418335A0005F112 /* AppDelegate.swift */ = {isa = PBXFileReference; lastKnownFileType = sourcecode.swift; path = AppDelegate.swift; sourceTree = "<group>"; };
		3940B0922418335A0005F112 /* SceneDelegate.swift */ = {isa = PBXFileReference; lastKnownFileType = sourcecode.swift; path = SceneDelegate.swift; sourceTree = "<group>"; };
		3940B0972418335A0005F112 /* Base */ = {isa = PBXFileReference; lastKnownFileType = file.storyboard; name = Base; path = Base.lproj/Main.storyboard; sourceTree = "<group>"; };
		3940B099241833610005F112 /* Assets.xcassets */ = {isa = PBXFileReference; lastKnownFileType = folder.assetcatalog; path = Assets.xcassets; sourceTree = "<group>"; };
		3940B09C241833610005F112 /* Base */ = {isa = PBXFileReference; lastKnownFileType = file.storyboard; name = Base; path = Base.lproj/LaunchScreen.storyboard; sourceTree = "<group>"; };
		3940B09E241833610005F112 /* Info.plist */ = {isa = PBXFileReference; lastKnownFileType = text.plist.xml; path = Info.plist; sourceTree = "<group>"; };
		3940B0A3241833610005F112 /* ParstagramTests.xctest */ = {isa = PBXFileReference; explicitFileType = wrapper.cfbundle; includeInIndex = 0; path = ParstagramTests.xctest; sourceTree = BUILT_PRODUCTS_DIR; };
		3940B0A7241833610005F112 /* ParstagramTests.swift */ = {isa = PBXFileReference; lastKnownFileType = sourcecode.swift; path = ParstagramTests.swift; sourceTree = "<group>"; };
		3940B0A9241833610005F112 /* Info.plist */ = {isa = PBXFileReference; lastKnownFileType = text.plist.xml; path = Info.plist; sourceTree = "<group>"; };
		3940B0AE241833610005F112 /* ParstagramUITests.xctest */ = {isa = PBXFileReference; explicitFileType = wrapper.cfbundle; includeInIndex = 0; path = ParstagramUITests.xctest; sourceTree = BUILT_PRODUCTS_DIR; };
		3940B0B2241833610005F112 /* ParstagramUITests.swift */ = {isa = PBXFileReference; lastKnownFileType = sourcecode.swift; path = ParstagramUITests.swift; sourceTree = "<group>"; };
		3940B0B4241833610005F112 /* Info.plist */ = {isa = PBXFileReference; lastKnownFileType = text.plist.xml; path = Info.plist; sourceTree = "<group>"; };
		3940B0C024188C570005F112 /* LoginViewController.swift */ = {isa = PBXFileReference; lastKnownFileType = sourcecode.swift; path = LoginViewController.swift; sourceTree = "<group>"; };
		3940B0C224188C680005F112 /* FeedViewController.swift */ = {isa = PBXFileReference; lastKnownFileType = sourcecode.swift; path = FeedViewController.swift; sourceTree = "<group>"; };
		3940B0C42419AC6D0005F112 /* CameraViewController.swift */ = {isa = PBXFileReference; lastKnownFileType = sourcecode.swift; path = CameraViewController.swift; sourceTree = "<group>"; };
		3940B0C62419B4390005F112 /* PostCell.swift */ = {isa = PBXFileReference; lastKnownFileType = sourcecode.swift; path = PostCell.swift; sourceTree = "<group>"; };
		39FD5B6724257CE90004894D /* CommentCell.swift */ = {isa = PBXFileReference; lastKnownFileType = sourcecode.swift; path = CommentCell.swift; sourceTree = "<group>"; };
		3E5B184FE6A0612FBD582B4C /* Pods_Parstagram_ParstagramUITests.framework */ = {isa = PBXFileReference; explicitFileType = wrapper.framework; includeInIndex = 0; path = Pods_Parstagram_ParstagramUITests.framework; sourceTree = BUILT_PRODUCTS_DIR; };
		66228567FC515D8F284CCB95 /* Pods-Parstagram.debug.xcconfig */ = {isa = PBXFileReference; includeInIndex = 1; lastKnownFileType = text.xcconfig; name = "Pods-Parstagram.debug.xcconfig"; path = "Target Support Files/Pods-Parstagram/Pods-Parstagram.debug.xcconfig"; sourceTree = "<group>"; };
		6C967DB2332A01C293B69416 /* Pods-Parstagram-ParstagramUITests.debug.xcconfig */ = {isa = PBXFileReference; includeInIndex = 1; lastKnownFileType = text.xcconfig; name = "Pods-Parstagram-ParstagramUITests.debug.xcconfig"; path = "Target Support Files/Pods-Parstagram-ParstagramUITests/Pods-Parstagram-ParstagramUITests.debug.xcconfig"; sourceTree = "<group>"; };
		8C1D52C8483E0E9C6A405EB3 /* Pods-ParstagramTests.debug.xcconfig */ = {isa = PBXFileReference; includeInIndex = 1; lastKnownFileType = text.xcconfig; name = "Pods-ParstagramTests.debug.xcconfig"; path = "Target Support Files/Pods-ParstagramTests/Pods-ParstagramTests.debug.xcconfig"; sourceTree = "<group>"; };
		A14C7CBC620366B6EE7896AA /* Pods-Parstagram.release.xcconfig */ = {isa = PBXFileReference; includeInIndex = 1; lastKnownFileType = text.xcconfig; name = "Pods-Parstagram.release.xcconfig"; path = "Target Support Files/Pods-Parstagram/Pods-Parstagram.release.xcconfig"; sourceTree = "<group>"; };
		CBA103B81A3F994A26C4FF59 /* Pods_ParstagramTests.framework */ = {isa = PBXFileReference; explicitFileType = wrapper.framework; includeInIndex = 0; path = Pods_ParstagramTests.framework; sourceTree = BUILT_PRODUCTS_DIR; };
		F2022EF62918DE21384048DD /* Pods_Parstagram.framework */ = {isa = PBXFileReference; explicitFileType = wrapper.framework; includeInIndex = 0; path = Pods_Parstagram.framework; sourceTree = BUILT_PRODUCTS_DIR; };
		FB8EE550809EE1501E754210 /* Pods-ParstagramTests.release.xcconfig */ = {isa = PBXFileReference; includeInIndex = 1; lastKnownFileType = text.xcconfig; name = "Pods-ParstagramTests.release.xcconfig"; path = "Target Support Files/Pods-ParstagramTests/Pods-ParstagramTests.release.xcconfig"; sourceTree = "<group>"; };
/* End PBXFileReference section */

/* Begin PBXFrameworksBuildPhase section */
		3940B08A2418335A0005F112 /* Frameworks */ = {
			isa = PBXFrameworksBuildPhase;
			buildActionMask = 2147483647;
			files = (
				952993CD7DD82F6D7D7954FD /* Pods_Parstagram.framework in Frameworks */,
			);
			runOnlyForDeploymentPostprocessing = 0;
		};
		3940B0A0241833610005F112 /* Frameworks */ = {
			isa = PBXFrameworksBuildPhase;
			buildActionMask = 2147483647;
			files = (
				AAD2108F12A3144C45600B33 /* Pods_ParstagramTests.framework in Frameworks */,
			);
			runOnlyForDeploymentPostprocessing = 0;
		};
		3940B0AB241833610005F112 /* Frameworks */ = {
			isa = PBXFrameworksBuildPhase;
			buildActionMask = 2147483647;
			files = (
				25799AB1E3FC22471533F1E9 /* Pods_Parstagram_ParstagramUITests.framework in Frameworks */,
			);
			runOnlyForDeploymentPostprocessing = 0;
		};
/* End PBXFrameworksBuildPhase section */

/* Begin PBXGroup section */
		02FAF4385CC05BBF5BA3AF2A /* Pods */ = {
			isa = PBXGroup;
			children = (
				66228567FC515D8F284CCB95 /* Pods-Parstagram.debug.xcconfig */,
				A14C7CBC620366B6EE7896AA /* Pods-Parstagram.release.xcconfig */,
				6C967DB2332A01C293B69416 /* Pods-Parstagram-ParstagramUITests.debug.xcconfig */,
				2CD9DBA48DF1E8C6360E0FD6 /* Pods-Parstagram-ParstagramUITests.release.xcconfig */,
				8C1D52C8483E0E9C6A405EB3 /* Pods-ParstagramTests.debug.xcconfig */,
				FB8EE550809EE1501E754210 /* Pods-ParstagramTests.release.xcconfig */,
			);
			path = Pods;
			sourceTree = "<group>";
		};
		3940B0842418335A0005F112 = {
			isa = PBXGroup;
			children = (
				3940B08F2418335A0005F112 /* Parstagram */,
				3940B0A6241833610005F112 /* ParstagramTests */,
				3940B0B1241833610005F112 /* ParstagramUITests */,
				3940B08E2418335A0005F112 /* Products */,
				02FAF4385CC05BBF5BA3AF2A /* Pods */,
				3A75A13AD929B8C12B20B736 /* Frameworks */,
			);
			sourceTree = "<group>";
		};
		3940B08E2418335A0005F112 /* Products */ = {
			isa = PBXGroup;
			children = (
				3940B08D2418335A0005F112 /* Parstagram.app */,
				3940B0A3241833610005F112 /* ParstagramTests.xctest */,
				3940B0AE241833610005F112 /* ParstagramUITests.xctest */,
			);
			name = Products;
			sourceTree = "<group>";
		};
		3940B08F2418335A0005F112 /* Parstagram */ = {
			isa = PBXGroup;
			children = (
				3940B0902418335A0005F112 /* AppDelegate.swift */,
				3940B0922418335A0005F112 /* SceneDelegate.swift */,
				3940B0962418335A0005F112 /* Main.storyboard */,
				39FD5B6724257CE90004894D /* CommentCell.swift */,
				3940B0C42419AC6D0005F112 /* CameraViewController.swift */,
				3940B0C024188C570005F112 /* LoginViewController.swift */,
				3940B0C224188C680005F112 /* FeedViewController.swift */,
				3940B099241833610005F112 /* Assets.xcassets */,
				3940B09B241833610005F112 /* LaunchScreen.storyboard */,
				3940B09E241833610005F112 /* Info.plist */,
				3940B0C62419B4390005F112 /* PostCell.swift */,
			);
			path = Parstagram;
			sourceTree = "<group>";
		};
		3940B0A6241833610005F112 /* ParstagramTests */ = {
			isa = PBXGroup;
			children = (
				3940B0A7241833610005F112 /* ParstagramTests.swift */,
				3940B0A9241833610005F112 /* Info.plist */,
			);
			path = ParstagramTests;
			sourceTree = "<group>";
		};
		3940B0B1241833610005F112 /* ParstagramUITests */ = {
			isa = PBXGroup;
			children = (
				3940B0B2241833610005F112 /* ParstagramUITests.swift */,
				3940B0B4241833610005F112 /* Info.plist */,
			);
			path = ParstagramUITests;
			sourceTree = "<group>";
		};
		3A75A13AD929B8C12B20B736 /* Frameworks */ = {
			isa = PBXGroup;
			children = (
				F2022EF62918DE21384048DD /* Pods_Parstagram.framework */,
				3E5B184FE6A0612FBD582B4C /* Pods_Parstagram_ParstagramUITests.framework */,
				CBA103B81A3F994A26C4FF59 /* Pods_ParstagramTests.framework */,
			);
			name = Frameworks;
			sourceTree = "<group>";
		};
/* End PBXGroup section */

/* Begin PBXNativeTarget section */
		3940B08C2418335A0005F112 /* Parstagram */ = {
			isa = PBXNativeTarget;
			buildConfigurationList = 3940B0B7241833610005F112 /* Build configuration list for PBXNativeTarget "Parstagram" */;
			buildPhases = (
				2287FD6C99B30D8273D2DD3B /* [CP] Check Pods Manifest.lock */,
				3940B0892418335A0005F112 /* Sources */,
				3940B08A2418335A0005F112 /* Frameworks */,
				3940B08B2418335A0005F112 /* Resources */,
				9601A7C5C27208CAE5ED7208 /* [CP] Embed Pods Frameworks */,
			);
			buildRules = (
			);
			dependencies = (
			);
			name = Parstagram;
			productName = Parstagram;
			productReference = 3940B08D2418335A0005F112 /* Parstagram.app */;
			productType = "com.apple.product-type.application";
		};
		3940B0A2241833610005F112 /* ParstagramTests */ = {
			isa = PBXNativeTarget;
			buildConfigurationList = 3940B0BA241833610005F112 /* Build configuration list for PBXNativeTarget "ParstagramTests" */;
			buildPhases = (
				8C66F32C9E8F251A05A6FE57 /* [CP] Check Pods Manifest.lock */,
				3940B09F241833610005F112 /* Sources */,
				3940B0A0241833610005F112 /* Frameworks */,
				3940B0A1241833610005F112 /* Resources */,
			);
			buildRules = (
			);
			dependencies = (
				3940B0A5241833610005F112 /* PBXTargetDependency */,
			);
			name = ParstagramTests;
			productName = ParstagramTests;
			productReference = 3940B0A3241833610005F112 /* ParstagramTests.xctest */;
			productType = "com.apple.product-type.bundle.unit-test";
		};
		3940B0AD241833610005F112 /* ParstagramUITests */ = {
			isa = PBXNativeTarget;
			buildConfigurationList = 3940B0BD241833610005F112 /* Build configuration list for PBXNativeTarget "ParstagramUITests" */;
			buildPhases = (
				5D11D4E106B98E9BC2089531 /* [CP] Check Pods Manifest.lock */,
				3940B0AA241833610005F112 /* Sources */,
				3940B0AB241833610005F112 /* Frameworks */,
				3940B0AC241833610005F112 /* Resources */,
				7CA68A43E92F3651CD393727 /* [CP] Embed Pods Frameworks */,
			);
			buildRules = (
			);
			dependencies = (
				3940B0B0241833610005F112 /* PBXTargetDependency */,
			);
			name = ParstagramUITests;
			productName = ParstagramUITests;
			productReference = 3940B0AE241833610005F112 /* ParstagramUITests.xctest */;
			productType = "com.apple.product-type.bundle.ui-testing";
		};
/* End PBXNativeTarget section */

/* Begin PBXProject section */
		3940B0852418335A0005F112 /* Project object */ = {
			isa = PBXProject;
			attributes = {
				LastSwiftUpdateCheck = 1130;
				LastUpgradeCheck = 1130;
				ORGANIZATIONNAME = BaraaHegazy;
				TargetAttributes = {
					3940B08C2418335A0005F112 = {
						CreatedOnToolsVersion = 11.3.1;
					};
					3940B0A2241833610005F112 = {
						CreatedOnToolsVersion = 11.3.1;
						TestTargetID = 3940B08C2418335A0005F112;
					};
					3940B0AD241833610005F112 = {
						CreatedOnToolsVersion = 11.3.1;
						TestTargetID = 3940B08C2418335A0005F112;
					};
				};
			};
			buildConfigurationList = 3940B0882418335A0005F112 /* Build configuration list for PBXProject "Parstagram" */;
			compatibilityVersion = "Xcode 9.3";
			developmentRegion = en;
			hasScannedForEncodings = 0;
			knownRegions = (
				en,
				Base,
			);
			mainGroup = 3940B0842418335A0005F112;
			productRefGroup = 3940B08E2418335A0005F112 /* Products */;
			projectDirPath = "";
			projectRoot = "";
			targets = (
				3940B08C2418335A0005F112 /* Parstagram */,
				3940B0A2241833610005F112 /* ParstagramTests */,
				3940B0AD241833610005F112 /* ParstagramUITests */,
			);
		};
/* End PBXProject section */

/* Begin PBXResourcesBuildPhase section */
		3940B08B2418335A0005F112 /* Resources */ = {
			isa = PBXResourcesBuildPhase;
			buildActionMask = 2147483647;
			files = (
				3940B09D241833610005F112 /* LaunchScreen.storyboard in Resources */,
				3940B09A241833610005F112 /* Assets.xcassets in Resources */,
				3940B0982418335A0005F112 /* Main.storyboard in Resources */,
			);
			runOnlyForDeploymentPostprocessing = 0;
		};
		3940B0A1241833610005F112 /* Resources */ = {
			isa = PBXResourcesBuildPhase;
			buildActionMask = 2147483647;
			files = (
			);
			runOnlyForDeploymentPostprocessing = 0;
		};
		3940B0AC241833610005F112 /* Resources */ = {
			isa = PBXResourcesBuildPhase;
			buildActionMask = 2147483647;
			files = (
			);
			runOnlyForDeploymentPostprocessing = 0;
		};
/* End PBXResourcesBuildPhase section */

/* Begin PBXShellScriptBuildPhase section */
		2287FD6C99B30D8273D2DD3B /* [CP] Check Pods Manifest.lock */ = {
			isa = PBXShellScriptBuildPhase;
			buildActionMask = 2147483647;
			files = (
			);
			inputFileListPaths = (
			);
			inputPaths = (
				"${PODS_PODFILE_DIR_PATH}/Podfile.lock",
				"${PODS_ROOT}/Manifest.lock",
			);
			name = "[CP] Check Pods Manifest.lock";
			outputFileListPaths = (
			);
			outputPaths = (
				"$(DERIVED_FILE_DIR)/Pods-Parstagram-checkManifestLockResult.txt",
			);
			runOnlyForDeploymentPostprocessing = 0;
			shellPath = /bin/sh;
			shellScript = "diff \"${PODS_PODFILE_DIR_PATH}/Podfile.lock\" \"${PODS_ROOT}/Manifest.lock\" > /dev/null\nif [ $? != 0 ] ; then\n    # print error to STDERR\n    echo \"error: The sandbox is not in sync with the Podfile.lock. Run 'pod install' or update your CocoaPods installation.\" >&2\n    exit 1\nfi\n# This output is used by Xcode 'outputs' to avoid re-running this script phase.\necho \"SUCCESS\" > \"${SCRIPT_OUTPUT_FILE_0}\"\n";
			showEnvVarsInLog = 0;
		};
		5D11D4E106B98E9BC2089531 /* [CP] Check Pods Manifest.lock */ = {
			isa = PBXShellScriptBuildPhase;
			buildActionMask = 2147483647;
			files = (
			);
			inputFileListPaths = (
			);
			inputPaths = (
				"${PODS_PODFILE_DIR_PATH}/Podfile.lock",
				"${PODS_ROOT}/Manifest.lock",
			);
			name = "[CP] Check Pods Manifest.lock";
			outputFileListPaths = (
			);
			outputPaths = (
				"$(DERIVED_FILE_DIR)/Pods-Parstagram-ParstagramUITests-checkManifestLockResult.txt",
			);
			runOnlyForDeploymentPostprocessing = 0;
			shellPath = /bin/sh;
			shellScript = "diff \"${PODS_PODFILE_DIR_PATH}/Podfile.lock\" \"${PODS_ROOT}/Manifest.lock\" > /dev/null\nif [ $? != 0 ] ; then\n    # print error to STDERR\n    echo \"error: The sandbox is not in sync with the Podfile.lock. Run 'pod install' or update your CocoaPods installation.\" >&2\n    exit 1\nfi\n# This output is used by Xcode 'outputs' to avoid re-running this script phase.\necho \"SUCCESS\" > \"${SCRIPT_OUTPUT_FILE_0}\"\n";
			showEnvVarsInLog = 0;
		};
		7CA68A43E92F3651CD393727 /* [CP] Embed Pods Frameworks */ = {
			isa = PBXShellScriptBuildPhase;
			buildActionMask = 2147483647;
			files = (
			);
			inputFileListPaths = (
				"${PODS_ROOT}/Target Support Files/Pods-Parstagram-ParstagramUITests/Pods-Parstagram-ParstagramUITests-frameworks-${CONFIGURATION}-input-files.xcfilelist",
			);
			name = "[CP] Embed Pods Frameworks";
			outputFileListPaths = (
				"${PODS_ROOT}/Target Support Files/Pods-Parstagram-ParstagramUITests/Pods-Parstagram-ParstagramUITests-frameworks-${CONFIGURATION}-output-files.xcfilelist",
			);
			runOnlyForDeploymentPostprocessing = 0;
			shellPath = /bin/sh;
			shellScript = "\"${PODS_ROOT}/Target Support Files/Pods-Parstagram-ParstagramUITests/Pods-Parstagram-ParstagramUITests-frameworks.sh\"\n";
			showEnvVarsInLog = 0;
		};
		8C66F32C9E8F251A05A6FE57 /* [CP] Check Pods Manifest.lock */ = {
			isa = PBXShellScriptBuildPhase;
			buildActionMask = 2147483647;
			files = (
			);
			inputFileListPaths = (
			);
			inputPaths = (
				"${PODS_PODFILE_DIR_PATH}/Podfile.lock",
				"${PODS_ROOT}/Manifest.lock",
			);
			name = "[CP] Check Pods Manifest.lock";
			outputFileListPaths = (
			);
			outputPaths = (
				"$(DERIVED_FILE_DIR)/Pods-ParstagramTests-checkManifestLockResult.txt",
			);
			runOnlyForDeploymentPostprocessing = 0;
			shellPath = /bin/sh;
			shellScript = "diff \"${PODS_PODFILE_DIR_PATH}/Podfile.lock\" \"${PODS_ROOT}/Manifest.lock\" > /dev/null\nif [ $? != 0 ] ; then\n    # print error to STDERR\n    echo \"error: The sandbox is not in sync with the Podfile.lock. Run 'pod install' or update your CocoaPods installation.\" >&2\n    exit 1\nfi\n# This output is used by Xcode 'outputs' to avoid re-running this script phase.\necho \"SUCCESS\" > \"${SCRIPT_OUTPUT_FILE_0}\"\n";
			showEnvVarsInLog = 0;
		};
		9601A7C5C27208CAE5ED7208 /* [CP] Embed Pods Frameworks */ = {
			isa = PBXShellScriptBuildPhase;
			buildActionMask = 2147483647;
			files = (
			);
			inputFileListPaths = (
				"${PODS_ROOT}/Target Support Files/Pods-Parstagram/Pods-Parstagram-frameworks-${CONFIGURATION}-input-files.xcfilelist",
			);
			name = "[CP] Embed Pods Frameworks";
			outputFileListPaths = (
				"${PODS_ROOT}/Target Support Files/Pods-Parstagram/Pods-Parstagram-frameworks-${CONFIGURATION}-output-files.xcfilelist",
			);
			runOnlyForDeploymentPostprocessing = 0;
			shellPath = /bin/sh;
			shellScript = "\"${PODS_ROOT}/Target Support Files/Pods-Parstagram/Pods-Parstagram-frameworks.sh\"\n";
			showEnvVarsInLog = 0;
		};
/* End PBXShellScriptBuildPhase section */

/* Begin PBXSourcesBuildPhase section */
		3940B0892418335A0005F112 /* Sources */ = {
			isa = PBXSourcesBuildPhase;
			buildActionMask = 2147483647;
			files = (
				3940B0C124188C580005F112 /* LoginViewController.swift in Sources */,
				3940B0C52419AC6D0005F112 /* CameraViewController.swift in Sources */,
				3940B0912418335A0005F112 /* AppDelegate.swift in Sources */,
				3940B0C324188C680005F112 /* FeedViewController.swift in Sources */,
				3940B0932418335A0005F112 /* SceneDelegate.swift in Sources */,
				3940B0C72419B4390005F112 /* PostCell.swift in Sources */,
				39FD5B6824257CE90004894D /* CommentCell.swift in Sources */,
			);
			runOnlyForDeploymentPostprocessing = 0;
		};
		3940B09F241833610005F112 /* Sources */ = {
			isa = PBXSourcesBuildPhase;
			buildActionMask = 2147483647;
			files = (
				3940B0A8241833610005F112 /* ParstagramTests.swift in Sources */,
			);
			runOnlyForDeploymentPostprocessing = 0;
		};
		3940B0AA241833610005F112 /* Sources */ = {
			isa = PBXSourcesBuildPhase;
			buildActionMask = 2147483647;
			files = (
				3940B0B3241833610005F112 /* ParstagramUITests.swift in Sources */,
			);
			runOnlyForDeploymentPostprocessing = 0;
		};
/* End PBXSourcesBuildPhase section */

/* Begin PBXTargetDependency section */
		3940B0A5241833610005F112 /* PBXTargetDependency */ = {
			isa = PBXTargetDependency;
			target = 3940B08C2418335A0005F112 /* Parstagram */;
			targetProxy = 3940B0A4241833610005F112 /* PBXContainerItemProxy */;
		};
		3940B0B0241833610005F112 /* PBXTargetDependency */ = {
			isa = PBXTargetDependency;
			target = 3940B08C2418335A0005F112 /* Parstagram */;
			targetProxy = 3940B0AF241833610005F112 /* PBXContainerItemProxy */;
		};
/* End PBXTargetDependency section */

/* Begin PBXVariantGroup section */
		3940B0962418335A0005F112 /* Main.storyboard */ = {
			isa = PBXVariantGroup;
			children = (
				3940B0972418335A0005F112 /* Base */,
			);
			name = Main.storyboard;
			sourceTree = "<group>";
		};
		3940B09B241833610005F112 /* LaunchScreen.storyboard */ = {
			isa = PBXVariantGroup;
			children = (
				3940B09C241833610005F112 /* Base */,
			);
			name = LaunchScreen.storyboard;
			sourceTree = "<group>";
		};
/* End PBXVariantGroup section */

/* Begin XCBuildConfiguration section */
		3940B0B5241833610005F112 /* Debug */ = {
			isa = XCBuildConfiguration;
			buildSettings = {
				ALWAYS_SEARCH_USER_PATHS = NO;
				CLANG_ANALYZER_NONNULL = YES;
				CLANG_ANALYZER_NUMBER_OBJECT_CONVERSION = YES_AGGRESSIVE;
				CLANG_CXX_LANGUAGE_STANDARD = "gnu++14";
				CLANG_CXX_LIBRARY = "libc++";
				CLANG_ENABLE_MODULES = YES;
				CLANG_ENABLE_OBJC_ARC = YES;
				CLANG_ENABLE_OBJC_WEAK = YES;
				CLANG_WARN_BLOCK_CAPTURE_AUTORELEASING = YES;
				CLANG_WARN_BOOL_CONVERSION = YES;
				CLANG_WARN_COMMA = YES;
				CLANG_WARN_CONSTANT_CONVERSION = YES;
				CLANG_WARN_DEPRECATED_OBJC_IMPLEMENTATIONS = YES;
				CLANG_WARN_DIRECT_OBJC_ISA_USAGE = YES_ERROR;
				CLANG_WARN_DOCUMENTATION_COMMENTS = YES;
				CLANG_WARN_EMPTY_BODY = YES;
				CLANG_WARN_ENUM_CONVERSION = YES;
				CLANG_WARN_INFINITE_RECURSION = YES;
				CLANG_WARN_INT_CONVERSION = YES;
				CLANG_WARN_NON_LITERAL_NULL_CONVERSION = YES;
				CLANG_WARN_OBJC_IMPLICIT_RETAIN_SELF = YES;
				CLANG_WARN_OBJC_LITERAL_CONVERSION = YES;
				CLANG_WARN_OBJC_ROOT_CLASS = YES_ERROR;
				CLANG_WARN_RANGE_LOOP_ANALYSIS = YES;
				CLANG_WARN_STRICT_PROTOTYPES = YES;
				CLANG_WARN_SUSPICIOUS_MOVE = YES;
				CLANG_WARN_UNGUARDED_AVAILABILITY = YES_AGGRESSIVE;
				CLANG_WARN_UNREACHABLE_CODE = YES;
				CLANG_WARN__DUPLICATE_METHOD_MATCH = YES;
				COPY_PHASE_STRIP = NO;
				DEBUG_INFORMATION_FORMAT = dwarf;
				ENABLE_STRICT_OBJC_MSGSEND = YES;
				ENABLE_TESTABILITY = YES;
				GCC_C_LANGUAGE_STANDARD = gnu11;
				GCC_DYNAMIC_NO_PIC = NO;
				GCC_NO_COMMON_BLOCKS = YES;
				GCC_OPTIMIZATION_LEVEL = 0;
				GCC_PREPROCESSOR_DEFINITIONS = (
					"DEBUG=1",
					"$(inherited)",
				);
				GCC_WARN_64_TO_32_BIT_CONVERSION = YES;
				GCC_WARN_ABOUT_RETURN_TYPE = YES_ERROR;
				GCC_WARN_UNDECLARED_SELECTOR = YES;
				GCC_WARN_UNINITIALIZED_AUTOS = YES_AGGRESSIVE;
				GCC_WARN_UNUSED_FUNCTION = YES;
				GCC_WARN_UNUSED_VARIABLE = YES;
				IPHONEOS_DEPLOYMENT_TARGET = 13.2;
				MTL_ENABLE_DEBUG_INFO = INCLUDE_SOURCE;
				MTL_FAST_MATH = YES;
				ONLY_ACTIVE_ARCH = YES;
				SDKROOT = iphoneos;
				SWIFT_ACTIVE_COMPILATION_CONDITIONS = DEBUG;
				SWIFT_OPTIMIZATION_LEVEL = "-Onone";
			};
			name = Debug;
		};
		3940B0B6241833610005F112 /* Release */ = {
			isa = XCBuildConfiguration;
			buildSettings = {
				ALWAYS_SEARCH_USER_PATHS = NO;
				CLANG_ANALYZER_NONNULL = YES;
				CLANG_ANALYZER_NUMBER_OBJECT_CONVERSION = YES_AGGRESSIVE;
				CLANG_CXX_LANGUAGE_STANDARD = "gnu++14";
				CLANG_CXX_LIBRARY = "libc++";
				CLANG_ENABLE_MODULES = YES;
				CLANG_ENABLE_OBJC_ARC = YES;
				CLANG_ENABLE_OBJC_WEAK = YES;
				CLANG_WARN_BLOCK_CAPTURE_AUTORELEASING = YES;
				CLANG_WARN_BOOL_CONVERSION = YES;
				CLANG_WARN_COMMA = YES;
				CLANG_WARN_CONSTANT_CONVERSION = YES;
				CLANG_WARN_DEPRECATED_OBJC_IMPLEMENTATIONS = YES;
				CLANG_WARN_DIRECT_OBJC_ISA_USAGE = YES_ERROR;
				CLANG_WARN_DOCUMENTATION_COMMENTS = YES;
				CLANG_WARN_EMPTY_BODY = YES;
				CLANG_WARN_ENUM_CONVERSION = YES;
				CLANG_WARN_INFINITE_RECURSION = YES;
				CLANG_WARN_INT_CONVERSION = YES;
				CLANG_WARN_NON_LITERAL_NULL_CONVERSION = YES;
				CLANG_WARN_OBJC_IMPLICIT_RETAIN_SELF = YES;
				CLANG_WARN_OBJC_LITERAL_CONVERSION = YES;
				CLANG_WARN_OBJC_ROOT_CLASS = YES_ERROR;
				CLANG_WARN_RANGE_LOOP_ANALYSIS = YES;
				CLANG_WARN_STRICT_PROTOTYPES = YES;
				CLANG_WARN_SUSPICIOUS_MOVE = YES;
				CLANG_WARN_UNGUARDED_AVAILABILITY = YES_AGGRESSIVE;
				CLANG_WARN_UNREACHABLE_CODE = YES;
				CLANG_WARN__DUPLICATE_METHOD_MATCH = YES;
				COPY_PHASE_STRIP = NO;
				DEBUG_INFORMATION_FORMAT = "dwarf-with-dsym";
				ENABLE_NS_ASSERTIONS = NO;
				ENABLE_STRICT_OBJC_MSGSEND = YES;
				GCC_C_LANGUAGE_STANDARD = gnu11;
				GCC_NO_COMMON_BLOCKS = YES;
				GCC_WARN_64_TO_32_BIT_CONVERSION = YES;
				GCC_WARN_ABOUT_RETURN_TYPE = YES_ERROR;
				GCC_WARN_UNDECLARED_SELECTOR = YES;
				GCC_WARN_UNINITIALIZED_AUTOS = YES_AGGRESSIVE;
				GCC_WARN_UNUSED_FUNCTION = YES;
				GCC_WARN_UNUSED_VARIABLE = YES;
				IPHONEOS_DEPLOYMENT_TARGET = 13.2;
				MTL_ENABLE_DEBUG_INFO = NO;
				MTL_FAST_MATH = YES;
				SDKROOT = iphoneos;
				SWIFT_COMPILATION_MODE = wholemodule;
				SWIFT_OPTIMIZATION_LEVEL = "-O";
				VALIDATE_PRODUCT = YES;
			};
			name = Release;
		};
		3940B0B8241833610005F112 /* Debug */ = {
			isa = XCBuildConfiguration;
			baseConfigurationReference = 66228567FC515D8F284CCB95 /* Pods-Parstagram.debug.xcconfig */;
			buildSettings = {
				ASSETCATALOG_COMPILER_APPICON_NAME = AppIcon;
				CODE_SIGN_STYLE = Automatic;
				INFOPLIST_FILE = Parstagram/Info.plist;
				LD_RUNPATH_SEARCH_PATHS = (
					"$(inherited)",
					"@executable_path/Frameworks",
				);
				PRODUCT_BUNDLE_IDENTIFIER = helloWorld.Parstagram;
				PRODUCT_NAME = "$(TARGET_NAME)";
				SWIFT_VERSION = 5.0;
				TARGETED_DEVICE_FAMILY = "1,2";
			};
			name = Debug;
		};
		3940B0B9241833610005F112 /* Release */ = {
			isa = XCBuildConfiguration;
			baseConfigurationReference = A14C7CBC620366B6EE7896AA /* Pods-Parstagram.release.xcconfig */;
			buildSettings = {
				ASSETCATALOG_COMPILER_APPICON_NAME = AppIcon;
				CODE_SIGN_STYLE = Automatic;
				INFOPLIST_FILE = Parstagram/Info.plist;
				LD_RUNPATH_SEARCH_PATHS = (
					"$(inherited)",
					"@executable_path/Frameworks",
				);
				PRODUCT_BUNDLE_IDENTIFIER = helloWorld.Parstagram;
				PRODUCT_NAME = "$(TARGET_NAME)";
				SWIFT_VERSION = 5.0;
				TARGETED_DEVICE_FAMILY = "1,2";
			};
			name = Release;
		};
		3940B0BB241833610005F112 /* Debug */ = {
			isa = XCBuildConfiguration;
			baseConfigurationReference = 8C1D52C8483E0E9C6A405EB3 /* Pods-ParstagramTests.debug.xcconfig */;
			buildSettings = {
				ALWAYS_EMBED_SWIFT_STANDARD_LIBRARIES = YES;
				BUNDLE_LOADER = "$(TEST_HOST)";
				CODE_SIGN_STYLE = Automatic;
				INFOPLIST_FILE = ParstagramTests/Info.plist;
				IPHONEOS_DEPLOYMENT_TARGET = 13.2;
				LD_RUNPATH_SEARCH_PATHS = (
					"$(inherited)",
					"@executable_path/Frameworks",
					"@loader_path/Frameworks",
				);
				PRODUCT_BUNDLE_IDENTIFIER = helloWorld.ParstagramTests;
				PRODUCT_NAME = "$(TARGET_NAME)";
				SWIFT_VERSION = 5.0;
				TARGETED_DEVICE_FAMILY = "1,2";
				TEST_HOST = "$(BUILT_PRODUCTS_DIR)/Parstagram.app/Parstagram";
			};
			name = Debug;
		};
		3940B0BC241833610005F112 /* Release */ = {
			isa = XCBuildConfiguration;
			baseConfigurationReference = FB8EE550809EE1501E754210 /* Pods-ParstagramTests.release.xcconfig */;
			buildSettings = {
				ALWAYS_EMBED_SWIFT_STANDARD_LIBRARIES = YES;
				BUNDLE_LOADER = "$(TEST_HOST)";
				CODE_SIGN_STYLE = Automatic;
				INFOPLIST_FILE = ParstagramTests/Info.plist;
				IPHONEOS_DEPLOYMENT_TARGET = 13.2;
				LD_RUNPATH_SEARCH_PATHS = (
					"$(inherited)",
					"@executable_path/Frameworks",
					"@loader_path/Frameworks",
				);
				PRODUCT_BUNDLE_IDENTIFIER = helloWorld.ParstagramTests;
				PRODUCT_NAME = "$(TARGET_NAME)";
				SWIFT_VERSION = 5.0;
				TARGETED_DEVICE_FAMILY = "1,2";
				TEST_HOST = "$(BUILT_PRODUCTS_DIR)/Parstagram.app/Parstagram";
			};
			name = Release;
		};
		3940B0BE241833610005F112 /* Debug */ = {
			isa = XCBuildConfiguration;
			baseConfigurationReference = 6C967DB2332A01C293B69416 /* Pods-Parstagram-ParstagramUITests.debug.xcconfig */;
			buildSettings = {
				ALWAYS_EMBED_SWIFT_STANDARD_LIBRARIES = YES;
				CODE_SIGN_STYLE = Automatic;
				INFOPLIST_FILE = ParstagramUITests/Info.plist;
				LD_RUNPATH_SEARCH_PATHS = (
					"$(inherited)",
					"@executable_path/Frameworks",
					"@loader_path/Frameworks",
				);
				PRODUCT_BUNDLE_IDENTIFIER = helloWorld.ParstagramUITests;
				PRODUCT_NAME = "$(TARGET_NAME)";
				SWIFT_VERSION = 5.0;
				TARGETED_DEVICE_FAMILY = "1,2";
				TEST_TARGET_NAME = Parstagram;
			};
			name = Debug;
		};
		3940B0BF241833610005F112 /* Release */ = {
			isa = XCBuildConfiguration;
			baseConfigurationReference = 2CD9DBA48DF1E8C6360E0FD6 /* Pods-Parstagram-ParstagramUITests.release.xcconfig */;
			buildSettings = {
				ALWAYS_EMBED_SWIFT_STANDARD_LIBRARIES = YES;
				CODE_SIGN_STYLE = Automatic;
				INFOPLIST_FILE = ParstagramUITests/Info.plist;
				LD_RUNPATH_SEARCH_PATHS = (
					"$(inherited)",
					"@executable_path/Frameworks",
					"@loader_path/Frameworks",
				);
				PRODUCT_BUNDLE_IDENTIFIER = helloWorld.ParstagramUITests;
				PRODUCT_NAME = "$(TARGET_NAME)";
				SWIFT_VERSION = 5.0;
				TARGETED_DEVICE_FAMILY = "1,2";
				TEST_TARGET_NAME = Parstagram;
			};
			name = Release;
		};
/* End XCBuildConfiguration section */

/* Begin XCConfigurationList section */
		3940B0882418335A0005F112 /* Build configuration list for PBXProject "Parstagram" */ = {
			isa = XCConfigurationList;
			buildConfigurations = (
				3940B0B5241833610005F112 /* Debug */,
				3940B0B6241833610005F112 /* Release */,
			);
			defaultConfigurationIsVisible = 0;
			defaultConfigurationName = Release;
		};
		3940B0B7241833610005F112 /* Build configuration list for PBXNativeTarget "Parstagram" */ = {
			isa = XCConfigurationList;
			buildConfigurations = (
				3940B0B8241833610005F112 /* Debug */,
				3940B0B9241833610005F112 /* Release */,
			);
			defaultConfigurationIsVisible = 0;
			defaultConfigurationName = Release;
		};
		3940B0BA241833610005F112 /* Build configuration list for PBXNativeTarget "ParstagramTests" */ = {
			isa = XCConfigurationList;
			buildConfigurations = (
				3940B0BB241833610005F112 /* Debug */,
				3940B0BC241833610005F112 /* Release */,
			);
			defaultConfigurationIsVisible = 0;
			defaultConfigurationName = Release;
		};
		3940B0BD241833610005F112 /* Build configuration list for PBXNativeTarget "ParstagramUITests" */ = {
			isa = XCConfigurationList;
			buildConfigurations = (
				3940B0BE241833610005F112 /* Debug */,
				3940B0BF241833610005F112 /* Release */,
			);
			defaultConfigurationIsVisible = 0;
			defaultConfigurationName = Release;
		};
/* End XCConfigurationList section */
	};
	rootObject = 3940B0852418335A0005F112 /* Project object */;
}
